// !$*UTF8*$!
{
	archiveVersion = 1;
	classes = {
	};
	objectVersion = 55;
	objects = {

/* Begin PBXBuildFile section */
		551BA831277E365100E08B54 /* Double+Truncate.swift in Sources */ = {isa = PBXBuildFile; fileRef = 551BA830277E365100E08B54 /* Double+Truncate.swift */; };
		551BA833277E3BAF00E08B54 /* HourlyForecastView.swift in Sources */ = {isa = PBXBuildFile; fileRef = 551BA832277E3BAF00E08B54 /* HourlyForecastView.swift */; };
		551BA837277E3ECF00E08B54 /* Modifiers.swift in Sources */ = {isa = PBXBuildFile; fileRef = 551BA836277E3ECF00E08B54 /* Modifiers.swift */; };
		551BA839277E411000E08B54 /* Hourly+Extension.swift in Sources */ = {isa = PBXBuildFile; fileRef = 551BA838277E411000E08B54 /* Hourly+Extension.swift */; };
		551BA83B277E440A00E08B54 /* DailyForecastView.swift in Sources */ = {isa = PBXBuildFile; fileRef = 551BA83A277E440A00E08B54 /* DailyForecastView.swift */; };
		551BA83D277E4AC700E08B54 /* Daily+Extension.swift in Sources */ = {isa = PBXBuildFile; fileRef = 551BA83C277E4AC700E08B54 /* Daily+Extension.swift */; };
		55BC4EC6277E690200BAB173 /* PermissionView.swift in Sources */ = {isa = PBXBuildFile; fileRef = 55BC4EC5277E690200BAB173 /* PermissionView.swift */; };
		55BC4EC8277E6FFB00BAB173 /* DetailsSection.swift in Sources */ = {isa = PBXBuildFile; fileRef = 55BC4EC7277E6FFB00BAB173 /* DetailsSection.swift */; };
		55BC4ECA277E702F00BAB173 /* HeaderView.swift in Sources */ = {isa = PBXBuildFile; fileRef = 55BC4EC9277E702F00BAB173 /* HeaderView.swift */; };
		55FA9002277B68C0004BB4DA /* WeatherAppApp.swift in Sources */ = {isa = PBXBuildFile; fileRef = 55FA9001277B68C0004BB4DA /* WeatherAppApp.swift */; };
		55FA9004277B68C0004BB4DA /* ContentView.swift in Sources */ = {isa = PBXBuildFile; fileRef = 55FA9003277B68C0004BB4DA /* ContentView.swift */; };
		55FA9006277B68C1004BB4DA /* Assets.xcassets in Resources */ = {isa = PBXBuildFile; fileRef = 55FA9005277B68C1004BB4DA /* Assets.xcassets */; };
		55FA9009277B68C1004BB4DA /* Preview Assets.xcassets in Resources */ = {isa = PBXBuildFile; fileRef = 55FA9008277B68C1004BB4DA /* Preview Assets.xcassets */; };
		55FA9013277B68C2004BB4DA /* WeatherAppTests.swift in Sources */ = {isa = PBXBuildFile; fileRef = 55FA9012277B68C2004BB4DA /* WeatherAppTests.swift */; };
		55FA901D277B68C2004BB4DA /* WeatherAppUITests.swift in Sources */ = {isa = PBXBuildFile; fileRef = 55FA901C277B68C2004BB4DA /* WeatherAppUITests.swift */; };
		55FA901F277B68C2004BB4DA /* WeatherAppUITestsLaunchTests.swift in Sources */ = {isa = PBXBuildFile; fileRef = 55FA901E277B68C2004BB4DA /* WeatherAppUITestsLaunchTests.swift */; };
		55FA902D277B6BB2004BB4DA /* WeatherResponse.json in Resources */ = {isa = PBXBuildFile; fileRef = 55FA902C277B6BB2004BB4DA /* WeatherResponse.json */; };
		55FA902F277B6BF2004BB4DA /* WeatherService.swift in Sources */ = {isa = PBXBuildFile; fileRef = 55FA902E277B6BF2004BB4DA /* WeatherService.swift */; };
		55FA9031277B6DD6004BB4DA /* API.swift in Sources */ = {isa = PBXBuildFile; fileRef = 55FA9030277B6DD5004BB4DA /* API.swift */; };
		55FA9033277B733C004BB4DA /* Icons.json in Resources */ = {isa = PBXBuildFile; fileRef = 55FA9032277B733C004BB4DA /* Icons.json */; };
		55FA9036277B74D3004BB4DA /* CurrentForecastView.swift in Sources */ = {isa = PBXBuildFile; fileRef = 55FA9035277B74D3004BB4DA /* CurrentForecastView.swift */; };
		55FA9038277B8170004BB4DA /* Current+Extension.swift in Sources */ = {isa = PBXBuildFile; fileRef = 55FA9037277B8170004BB4DA /* Current+Extension.swift */; };
/* End PBXBuildFile section */

/* Begin PBXContainerItemProxy section */
		55FA900F277B68C2004BB4DA /* PBXContainerItemProxy */ = {
			isa = PBXContainerItemProxy;
			containerPortal = 55FA8FF6277B68C0004BB4DA /* Project object */;
			proxyType = 1;
			remoteGlobalIDString = 55FA8FFD277B68C0004BB4DA;
			remoteInfo = WeatherApp;
		};
		55FA9019277B68C2004BB4DA /* PBXContainerItemProxy */ = {
			isa = PBXContainerItemProxy;
			containerPortal = 55FA8FF6277B68C0004BB4DA /* Project object */;
			proxyType = 1;
			remoteGlobalIDString = 55FA8FFD277B68C0004BB4DA;
			remoteInfo = WeatherApp;
		};
/* End PBXContainerItemProxy section */

/* Begin PBXFileReference section */
		551BA830277E365100E08B54 /* Double+Truncate.swift */ = {isa = PBXFileReference; lastKnownFileType = sourcecode.swift; path = "Double+Truncate.swift"; sourceTree = "<group>"; };
		551BA832277E3BAF00E08B54 /* HourlyForecastView.swift */ = {isa = PBXFileReference; lastKnownFileType = sourcecode.swift; path = HourlyForecastView.swift; sourceTree = "<group>"; };
		551BA836277E3ECF00E08B54 /* Modifiers.swift */ = {isa = PBXFileReference; lastKnownFileType = sourcecode.swift; path = Modifiers.swift; sourceTree = "<group>"; };
		551BA838277E411000E08B54 /* Hourly+Extension.swift */ = {isa = PBXFileReference; lastKnownFileType = sourcecode.swift; path = "Hourly+Extension.swift"; sourceTree = "<group>"; };
		551BA83A277E440A00E08B54 /* DailyForecastView.swift */ = {isa = PBXFileReference; lastKnownFileType = sourcecode.swift; path = DailyForecastView.swift; sourceTree = "<group>"; };
		551BA83C277E4AC700E08B54 /* Daily+Extension.swift */ = {isa = PBXFileReference; lastKnownFileType = sourcecode.swift; path = "Daily+Extension.swift"; sourceTree = "<group>"; };
		55BC4EC5277E690200BAB173 /* PermissionView.swift */ = {isa = PBXFileReference; lastKnownFileType = sourcecode.swift; path = PermissionView.swift; sourceTree = "<group>"; };
		55BC4EC7277E6FFB00BAB173 /* DetailsSection.swift */ = {isa = PBXFileReference; lastKnownFileType = sourcecode.swift; path = DetailsSection.swift; sourceTree = "<group>"; };
		55BC4EC9277E702F00BAB173 /* HeaderView.swift */ = {isa = PBXFileReference; lastKnownFileType = sourcecode.swift; path = HeaderView.swift; sourceTree = "<group>"; };
		55FA8FFE277B68C0004BB4DA /* WeatherApp.app */ = {isa = PBXFileReference; explicitFileType = wrapper.application; includeInIndex = 0; path = WeatherApp.app; sourceTree = BUILT_PRODUCTS_DIR; };
		55FA9001277B68C0004BB4DA /* WeatherAppApp.swift */ = {isa = PBXFileReference; lastKnownFileType = sourcecode.swift; path = WeatherAppApp.swift; sourceTree = "<group>"; };
		55FA9003277B68C0004BB4DA /* ContentView.swift */ = {isa = PBXFileReference; lastKnownFileType = sourcecode.swift; path = ContentView.swift; sourceTree = "<group>"; };
		55FA9005277B68C1004BB4DA /* Assets.xcassets */ = {isa = PBXFileReference; lastKnownFileType = folder.assetcatalog; path = Assets.xcassets; sourceTree = "<group>"; };
		55FA9008277B68C1004BB4DA /* Preview Assets.xcassets */ = {isa = PBXFileReference; lastKnownFileType = folder.assetcatalog; path = "Preview Assets.xcassets"; sourceTree = "<group>"; };
		55FA900E277B68C1004BB4DA /* WeatherAppTests.xctest */ = {isa = PBXFileReference; explicitFileType = wrapper.cfbundle; includeInIndex = 0; path = WeatherAppTests.xctest; sourceTree = BUILT_PRODUCTS_DIR; };
		55FA9012277B68C2004BB4DA /* WeatherAppTests.swift */ = {isa = PBXFileReference; lastKnownFileType = sourcecode.swift; path = WeatherAppTests.swift; sourceTree = "<group>"; };
		55FA9018277B68C2004BB4DA /* WeatherAppUITests.xctest */ = {isa = PBXFileReference; explicitFileType = wrapper.cfbundle; includeInIndex = 0; path = WeatherAppUITests.xctest; sourceTree = BUILT_PRODUCTS_DIR; };
		55FA901C277B68C2004BB4DA /* WeatherAppUITests.swift */ = {isa = PBXFileReference; lastKnownFileType = sourcecode.swift; path = WeatherAppUITests.swift; sourceTree = "<group>"; };
		55FA901E277B68C2004BB4DA /* WeatherAppUITestsLaunchTests.swift */ = {isa = PBXFileReference; lastKnownFileType = sourcecode.swift; path = WeatherAppUITestsLaunchTests.swift; sourceTree = "<group>"; };
		55FA902C277B6BB2004BB4DA /* WeatherResponse.json */ = {isa = PBXFileReference; fileEncoding = 4; lastKnownFileType = text.json; path = WeatherResponse.json; sourceTree = "<group>"; };
		55FA902E277B6BF2004BB4DA /* WeatherService.swift */ = {isa = PBXFileReference; lastKnownFileType = sourcecode.swift; path = WeatherService.swift; sourceTree = "<group>"; };
		55FA9030277B6DD5004BB4DA /* API.swift */ = {isa = PBXFileReference; fileEncoding = 4; lastKnownFileType = sourcecode.swift; path = API.swift; sourceTree = "<group>"; };
		55FA9032277B733C004BB4DA /* Icons.json */ = {isa = PBXFileReference; fileEncoding = 4; lastKnownFileType = text.json; path = Icons.json; sourceTree = "<group>"; };
		55FA9035277B74D3004BB4DA /* CurrentForecastView.swift */ = {isa = PBXFileReference; lastKnownFileType = sourcecode.swift; path = CurrentForecastView.swift; sourceTree = "<group>"; };
		55FA9037277B8170004BB4DA /* Current+Extension.swift */ = {isa = PBXFileReference; lastKnownFileType = sourcecode.swift; path = "Current+Extension.swift"; sourceTree = "<group>"; };
/* End PBXFileReference section */

/* Begin PBXFrameworksBuildPhase section */
		55FA8FFB277B68C0004BB4DA /* Frameworks */ = {
			isa = PBXFrameworksBuildPhase;
			buildActionMask = 2147483647;
			files = (
			);
			runOnlyForDeploymentPostprocessing = 0;
		};
		55FA900B277B68C1004BB4DA /* Frameworks */ = {
			isa = PBXFrameworksBuildPhase;
			buildActionMask = 2147483647;
			files = (
			);
			runOnlyForDeploymentPostprocessing = 0;
		};
		55FA9015277B68C2004BB4DA /* Frameworks */ = {
			isa = PBXFrameworksBuildPhase;
			buildActionMask = 2147483647;
			files = (
			);
			runOnlyForDeploymentPostprocessing = 0;
		};
/* End PBXFrameworksBuildPhase section */

/* Begin PBXGroup section */
		551BA82F277E364100E08B54 /* Extensions */ = {
			isa = PBXGroup;
			children = (
				551BA830277E365100E08B54 /* Double+Truncate.swift */,
			);
			path = Extensions;
			sourceTree = "<group>";
		};
		55FA8FF5277B68C0004BB4DA = {
			isa = PBXGroup;
			children = (
				55FA9000277B68C0004BB4DA /* WeatherApp */,
				55FA9011277B68C2004BB4DA /* WeatherAppTests */,
				55FA901B277B68C2004BB4DA /* WeatherAppUITests */,
				55FA8FFF277B68C0004BB4DA /* Products */,
			);
			sourceTree = "<group>";
		};
		55FA8FFF277B68C0004BB4DA /* Products */ = {
			isa = PBXGroup;
			children = (
				55FA8FFE277B68C0004BB4DA /* WeatherApp.app */,
				55FA900E277B68C1004BB4DA /* WeatherAppTests.xctest */,
				55FA9018277B68C2004BB4DA /* WeatherAppUITests.xctest */,
			);
			name = Products;
			sourceTree = "<group>";
		};
		55FA9000277B68C0004BB4DA /* WeatherApp */ = {
			isa = PBXGroup;
			children = (
				551BA82F277E364100E08B54 /* Extensions */,
				55FA9034277B74C8004BB4DA /* Views */,
				55FA902B277B6BA3004BB4DA /* API */,
				55FA9001277B68C0004BB4DA /* WeatherAppApp.swift */,
				55FA9003277B68C0004BB4DA /* ContentView.swift */,
				55FA9005277B68C1004BB4DA /* Assets.xcassets */,
				55FA9007277B68C1004BB4DA /* Preview Content */,
			);
			path = WeatherApp;
			sourceTree = "<group>";
		};
		55FA9007277B68C1004BB4DA /* Preview Content */ = {
			isa = PBXGroup;
			children = (
				55FA9008277B68C1004BB4DA /* Preview Assets.xcassets */,
			);
			path = "Preview Content";
			sourceTree = "<group>";
		};
		55FA9011277B68C2004BB4DA /* WeatherAppTests */ = {
			isa = PBXGroup;
			children = (
				55FA9012277B68C2004BB4DA /* WeatherAppTests.swift */,
			);
			path = WeatherAppTests;
			sourceTree = "<group>";
		};
		55FA901B277B68C2004BB4DA /* WeatherAppUITests */ = {
			isa = PBXGroup;
			children = (
				55FA901C277B68C2004BB4DA /* WeatherAppUITests.swift */,
				55FA901E277B68C2004BB4DA /* WeatherAppUITestsLaunchTests.swift */,
			);
			path = WeatherAppUITests;
			sourceTree = "<group>";
		};
		55FA902B277B6BA3004BB4DA /* API */ = {
			isa = PBXGroup;
			children = (
				55FA902C277B6BB2004BB4DA /* WeatherResponse.json */,
				55FA9032277B733C004BB4DA /* Icons.json */,
				55FA9030277B6DD5004BB4DA /* API.swift */,
				55FA902E277B6BF2004BB4DA /* WeatherService.swift */,
				55FA9037277B8170004BB4DA /* Current+Extension.swift */,
				551BA838277E411000E08B54 /* Hourly+Extension.swift */,
				551BA83C277E4AC700E08B54 /* Daily+Extension.swift */,
			);
			path = API;
			sourceTree = "<group>";
		};
		55FA9034277B74C8004BB4DA /* Views */ = {
			isa = PBXGroup;
			children = (
				55FA9035277B74D3004BB4DA /* CurrentForecastView.swift */,
				551BA832277E3BAF00E08B54 /* HourlyForecastView.swift */,
				551BA83A277E440A00E08B54 /* DailyForecastView.swift */,
				551BA836277E3ECF00E08B54 /* Modifiers.swift */,
				55BC4EC5277E690200BAB173 /* PermissionView.swift */,
				55BC4EC7277E6FFB00BAB173 /* DetailsSection.swift */,
				55BC4EC9277E702F00BAB173 /* HeaderView.swift */,
			);
			path = Views;
			sourceTree = "<group>";
		};
/* End PBXGroup section */

/* Begin PBXNativeTarget section */
		55FA8FFD277B68C0004BB4DA /* WeatherApp */ = {
			isa = PBXNativeTarget;
			buildConfigurationList = 55FA9022277B68C2004BB4DA /* Build configuration list for PBXNativeTarget "WeatherApp" */;
			buildPhases = (
				55FA8FFA277B68C0004BB4DA /* Sources */,
				55FA8FFB277B68C0004BB4DA /* Frameworks */,
				55FA8FFC277B68C0004BB4DA /* Resources */,
			);
			buildRules = (
			);
			dependencies = (
			);
			name = WeatherApp;
			productName = WeatherApp;
			productReference = 55FA8FFE277B68C0004BB4DA /* WeatherApp.app */;
			productType = "com.apple.product-type.application";
		};
		55FA900D277B68C1004BB4DA /* WeatherAppTests */ = {
			isa = PBXNativeTarget;
			buildConfigurationList = 55FA9025277B68C2004BB4DA /* Build configuration list for PBXNativeTarget "WeatherAppTests" */;
			buildPhases = (
				55FA900A277B68C1004BB4DA /* Sources */,
				55FA900B277B68C1004BB4DA /* Frameworks */,
				55FA900C277B68C1004BB4DA /* Resources */,
			);
			buildRules = (
			);
			dependencies = (
				55FA9010277B68C2004BB4DA /* PBXTargetDependency */,
			);
			name = WeatherAppTests;
			productName = WeatherAppTests;
			productReference = 55FA900E277B68C1004BB4DA /* WeatherAppTests.xctest */;
			productType = "com.apple.product-type.bundle.unit-test";
		};
		55FA9017277B68C2004BB4DA /* WeatherAppUITests */ = {
			isa = PBXNativeTarget;
			buildConfigurationList = 55FA9028277B68C2004BB4DA /* Build configuration list for PBXNativeTarget "WeatherAppUITests" */;
			buildPhases = (
				55FA9014277B68C2004BB4DA /* Sources */,
				55FA9015277B68C2004BB4DA /* Frameworks */,
				55FA9016277B68C2004BB4DA /* Resources */,
			);
			buildRules = (
			);
			dependencies = (
				55FA901A277B68C2004BB4DA /* PBXTargetDependency */,
			);
			name = WeatherAppUITests;
			productName = WeatherAppUITests;
			productReference = 55FA9018277B68C2004BB4DA /* WeatherAppUITests.xctest */;
			productType = "com.apple.product-type.bundle.ui-testing";
		};
/* End PBXNativeTarget section */

/* Begin PBXProject section */
		55FA8FF6277B68C0004BB4DA /* Project object */ = {
			isa = PBXProject;
			attributes = {
				BuildIndependentTargetsInParallel = 1;
				LastSwiftUpdateCheck = 1310;
				LastUpgradeCheck = 1310;
				TargetAttributes = {
					55FA8FFD277B68C0004BB4DA = {
						CreatedOnToolsVersion = 13.1;
					};
					55FA900D277B68C1004BB4DA = {
						CreatedOnToolsVersion = 13.1;
						TestTargetID = 55FA8FFD277B68C0004BB4DA;
					};
					55FA9017277B68C2004BB4DA = {
						CreatedOnToolsVersion = 13.1;
						TestTargetID = 55FA8FFD277B68C0004BB4DA;
					};
				};
			};
			buildConfigurationList = 55FA8FF9277B68C0004BB4DA /* Build configuration list for PBXProject "WeatherApp" */;
			compatibilityVersion = "Xcode 13.0";
			developmentRegion = en;
			hasScannedForEncodings = 0;
			knownRegions = (
				en,
				Base,
			);
			mainGroup = 55FA8FF5277B68C0004BB4DA;
			productRefGroup = 55FA8FFF277B68C0004BB4DA /* Products */;
			projectDirPath = "";
			projectRoot = "";
			targets = (
				55FA8FFD277B68C0004BB4DA /* WeatherApp */,
				55FA900D277B68C1004BB4DA /* WeatherAppTests */,
				55FA9017277B68C2004BB4DA /* WeatherAppUITests */,
			);
		};
/* End PBXProject section */

/* Begin PBXResourcesBuildPhase section */
		55FA8FFC277B68C0004BB4DA /* Resources */ = {
			isa = PBXResourcesBuildPhase;
			buildActionMask = 2147483647;
			files = (
				55FA9009277B68C1004BB4DA /* Preview Assets.xcassets in Resources */,
				55FA902D277B6BB2004BB4DA /* WeatherResponse.json in Resources */,
				55FA9033277B733C004BB4DA /* Icons.json in Resources */,
				55FA9006277B68C1004BB4DA /* Assets.xcassets in Resources */,
			);
			runOnlyForDeploymentPostprocessing = 0;
		};
		55FA900C277B68C1004BB4DA /* Resources */ = {
			isa = PBXResourcesBuildPhase;
			buildActionMask = 2147483647;
			files = (
			);
			runOnlyForDeploymentPostprocessing = 0;
		};
		55FA9016277B68C2004BB4DA /* Resources */ = {
			isa = PBXResourcesBuildPhase;
			buildActionMask = 2147483647;
			files = (
			);
			runOnlyForDeploymentPostprocessing = 0;
		};
/* End PBXResourcesBuildPhase section */

/* Begin PBXSourcesBuildPhase section */
		55FA8FFA277B68C0004BB4DA /* Sources */ = {
			isa = PBXSourcesBuildPhase;
			buildActionMask = 2147483647;
			files = (
				551BA83B277E440A00E08B54 /* DailyForecastView.swift in Sources */,
				551BA833277E3BAF00E08B54 /* HourlyForecastView.swift in Sources */,
				55FA9004277B68C0004BB4DA /* ContentView.swift in Sources */,
				55BC4EC6277E690200BAB173 /* PermissionView.swift in Sources */,
				55FA9038277B8170004BB4DA /* Current+Extension.swift in Sources */,
				551BA831277E365100E08B54 /* Double+Truncate.swift in Sources */,
				55FA9036277B74D3004BB4DA /* CurrentForecastView.swift in Sources */,
				55FA902F277B6BF2004BB4DA /* WeatherService.swift in Sources */,
				55BC4EC8277E6FFB00BAB173 /* DetailsSection.swift in Sources */,
				551BA83D277E4AC700E08B54 /* Daily+Extension.swift in Sources */,
				55BC4ECA277E702F00BAB173 /* HeaderView.swift in Sources */,
				551BA839277E411000E08B54 /* Hourly+Extension.swift in Sources */,
				55FA9031277B6DD6004BB4DA /* API.swift in Sources */,
				55FA9002277B68C0004BB4DA /* WeatherAppApp.swift in Sources */,
				551BA837277E3ECF00E08B54 /* Modifiers.swift in Sources */,
			);
			runOnlyForDeploymentPostprocessing = 0;
		};
		55FA900A277B68C1004BB4DA /* Sources */ = {
			isa = PBXSourcesBuildPhase;
			buildActionMask = 2147483647;
			files = (
				55FA9013277B68C2004BB4DA /* WeatherAppTests.swift in Sources */,
			);
			runOnlyForDeploymentPostprocessing = 0;
		};
		55FA9014277B68C2004BB4DA /* Sources */ = {
			isa = PBXSourcesBuildPhase;
			buildActionMask = 2147483647;
			files = (
				55FA901D277B68C2004BB4DA /* WeatherAppUITests.swift in Sources */,
				55FA901F277B68C2004BB4DA /* WeatherAppUITestsLaunchTests.swift in Sources */,
			);
			runOnlyForDeploymentPostprocessing = 0;
		};
/* End PBXSourcesBuildPhase section */

/* Begin PBXTargetDependency section */
		55FA9010277B68C2004BB4DA /* PBXTargetDependency */ = {
			isa = PBXTargetDependency;
			target = 55FA8FFD277B68C0004BB4DA /* WeatherApp */;
			targetProxy = 55FA900F277B68C2004BB4DA /* PBXContainerItemProxy */;
		};
		55FA901A277B68C2004BB4DA /* PBXTargetDependency */ = {
			isa = PBXTargetDependency;
			target = 55FA8FFD277B68C0004BB4DA /* WeatherApp */;
			targetProxy = 55FA9019277B68C2004BB4DA /* PBXContainerItemProxy */;
		};
/* End PBXTargetDependency section */

/* Begin XCBuildConfiguration section */
		55FA9020277B68C2004BB4DA /* Debug */ = {
			isa = XCBuildConfiguration;
			buildSettings = {
				ALWAYS_SEARCH_USER_PATHS = NO;
				CLANG_ANALYZER_NONNULL = YES;
				CLANG_ANALYZER_NUMBER_OBJECT_CONVERSION = YES_AGGRESSIVE;
				CLANG_CXX_LANGUAGE_STANDARD = "gnu++17";
				CLANG_CXX_LIBRARY = "libc++";
				CLANG_ENABLE_MODULES = YES;
				CLANG_ENABLE_OBJC_ARC = YES;
				CLANG_ENABLE_OBJC_WEAK = YES;
				CLANG_WARN_BLOCK_CAPTURE_AUTORELEASING = YES;
				CLANG_WARN_BOOL_CONVERSION = YES;
				CLANG_WARN_COMMA = YES;
				CLANG_WARN_CONSTANT_CONVERSION = YES;
				CLANG_WARN_DEPRECATED_OBJC_IMPLEMENTATIONS = YES;
				CLANG_WARN_DIRECT_OBJC_ISA_USAGE = YES_ERROR;
				CLANG_WARN_DOCUMENTATION_COMMENTS = YES;
				CLANG_WARN_EMPTY_BODY = YES;
				CLANG_WARN_ENUM_CONVERSION = YES;
				CLANG_WARN_INFINITE_RECURSION = YES;
				CLANG_WARN_INT_CONVERSION = YES;
				CLANG_WARN_NON_LITERAL_NULL_CONVERSION = YES;
				CLANG_WARN_OBJC_IMPLICIT_RETAIN_SELF = YES;
				CLANG_WARN_OBJC_LITERAL_CONVERSION = YES;
				CLANG_WARN_OBJC_ROOT_CLASS = YES_ERROR;
				CLANG_WARN_QUOTED_INCLUDE_IN_FRAMEWORK_HEADER = YES;
				CLANG_WARN_RANGE_LOOP_ANALYSIS = YES;
				CLANG_WARN_STRICT_PROTOTYPES = YES;
				CLANG_WARN_SUSPICIOUS_MOVE = YES;
				CLANG_WARN_UNGUARDED_AVAILABILITY = YES_AGGRESSIVE;
				CLANG_WARN_UNREACHABLE_CODE = YES;
				CLANG_WARN__DUPLICATE_METHOD_MATCH = YES;
				COPY_PHASE_STRIP = NO;
				DEBUG_INFORMATION_FORMAT = dwarf;
				ENABLE_STRICT_OBJC_MSGSEND = YES;
				ENABLE_TESTABILITY = YES;
				GCC_C_LANGUAGE_STANDARD = gnu11;
				GCC_DYNAMIC_NO_PIC = NO;
				GCC_NO_COMMON_BLOCKS = YES;
				GCC_OPTIMIZATION_LEVEL = 0;
				GCC_PREPROCESSOR_DEFINITIONS = (
					"DEBUG=1",
					"$(inherited)",
				);
				GCC_WARN_64_TO_32_BIT_CONVERSION = YES;
				GCC_WARN_ABOUT_RETURN_TYPE = YES_ERROR;
				GCC_WARN_UNDECLARED_SELECTOR = YES;
				GCC_WARN_UNINITIALIZED_AUTOS = YES_AGGRESSIVE;
				GCC_WARN_UNUSED_FUNCTION = YES;
				GCC_WARN_UNUSED_VARIABLE = YES;
				IPHONEOS_DEPLOYMENT_TARGET = 15.0;
				MTL_ENABLE_DEBUG_INFO = INCLUDE_SOURCE;
				MTL_FAST_MATH = YES;
				ONLY_ACTIVE_ARCH = YES;
				SDKROOT = iphoneos;
				SWIFT_ACTIVE_COMPILATION_CONDITIONS = DEBUG;
				SWIFT_OPTIMIZATION_LEVEL = "-Onone";
			};
			name = Debug;
		};
		55FA9021277B68C2004BB4DA /* Release */ = {
			isa = XCBuildConfiguration;
			buildSettings = {
				ALWAYS_SEARCH_USER_PATHS = NO;
				CLANG_ANALYZER_NONNULL = YES;
				CLANG_ANALYZER_NUMBER_OBJECT_CONVERSION = YES_AGGRESSIVE;
				CLANG_CXX_LANGUAGE_STANDARD = "gnu++17";
				CLANG_CXX_LIBRARY = "libc++";
				CLANG_ENABLE_MODULES = YES;
				CLANG_ENABLE_OBJC_ARC = YES;
				CLANG_ENABLE_OBJC_WEAK = YES;
				CLANG_WARN_BLOCK_CAPTURE_AUTORELEASING = YES;
				CLANG_WARN_BOOL_CONVERSION = YES;
				CLANG_WARN_COMMA = YES;
				CLANG_WARN_CONSTANT_CONVERSION = YES;
				CLANG_WARN_DEPRECATED_OBJC_IMPLEMENTATIONS = YES;
				CLANG_WARN_DIRECT_OBJC_ISA_USAGE = YES_ERROR;
				CLANG_WARN_DOCUMENTATION_COMMENTS = YES;
				CLANG_WARN_EMPTY_BODY = YES;
				CLANG_WARN_ENUM_CONVERSION = YES;
				CLANG_WARN_INFINITE_RECURSION = YES;
				CLANG_WARN_INT_CONVERSION = YES;
				CLANG_WARN_NON_LITERAL_NULL_CONVERSION = YES;
				CLANG_WARN_OBJC_IMPLICIT_RETAIN_SELF = YES;
				CLANG_WARN_OBJC_LITERAL_CONVERSION = YES;
				CLANG_WARN_OBJC_ROOT_CLASS = YES_ERROR;
				CLANG_WARN_QUOTED_INCLUDE_IN_FRAMEWORK_HEADER = YES;
				CLANG_WARN_RANGE_LOOP_ANALYSIS = YES;
				CLANG_WARN_STRICT_PROTOTYPES = YES;
				CLANG_WARN_SUSPICIOUS_MOVE = YES;
				CLANG_WARN_UNGUARDED_AVAILABILITY = YES_AGGRESSIVE;
				CLANG_WARN_UNREACHABLE_CODE = YES;
				CLANG_WARN__DUPLICATE_METHOD_MATCH = YES;
				COPY_PHASE_STRIP = NO;
				DEBUG_INFORMATION_FORMAT = "dwarf-with-dsym";
				ENABLE_NS_ASSERTIONS = NO;
				ENABLE_STRICT_OBJC_MSGSEND = YES;
				GCC_C_LANGUAGE_STANDARD = gnu11;
				GCC_NO_COMMON_BLOCKS = YES;
				GCC_WARN_64_TO_32_BIT_CONVERSION = YES;
				GCC_WARN_ABOUT_RETURN_TYPE = YES_ERROR;
				GCC_WARN_UNDECLARED_SELECTOR = YES;
				GCC_WARN_UNINITIALIZED_AUTOS = YES_AGGRESSIVE;
				GCC_WARN_UNUSED_FUNCTION = YES;
				GCC_WARN_UNUSED_VARIABLE = YES;
				IPHONEOS_DEPLOYMENT_TARGET = 15.0;
				MTL_ENABLE_DEBUG_INFO = NO;
				MTL_FAST_MATH = YES;
				SDKROOT = iphoneos;
				SWIFT_COMPILATION_MODE = wholemodule;
				SWIFT_OPTIMIZATION_LEVEL = "-O";
				VALIDATE_PRODUCT = YES;
			};
			name = Release;
		};
		55FA9023277B68C2004BB4DA /* Debug */ = {
			isa = XCBuildConfiguration;
			buildSettings = {
				ASSETCATALOG_COMPILER_APPICON_NAME = AppIcon;
				ASSETCATALOG_COMPILER_GLOBAL_ACCENT_COLOR_NAME = AccentColor;
				CODE_SIGN_STYLE = Automatic;
				CURRENT_PROJECT_VERSION = 1;
				DEVELOPMENT_ASSET_PATHS = "\"WeatherApp/Preview Content\"";
				DEVELOPMENT_TEAM = VQ5Y8L9458;
				ENABLE_PREVIEWS = YES;
				GENERATE_INFOPLIST_FILE = YES;
				INFOPLIST_KEY_NSLocationWhenInUseUsageDescription = "Necesitamos acceder a tu localización";
				INFOPLIST_KEY_UIApplicationSceneManifest_Generation = YES;
				INFOPLIST_KEY_UIApplicationSupportsIndirectInputEvents = YES;
				INFOPLIST_KEY_UILaunchScreen_Generation = YES;
				INFOPLIST_KEY_UISupportedInterfaceOrientations_iPad = "UIInterfaceOrientationPortrait UIInterfaceOrientationPortraitUpsideDown UIInterfaceOrientationLandscapeLeft UIInterfaceOrientationLandscapeRight";
				INFOPLIST_KEY_UISupportedInterfaceOrientations_iPhone = "UIInterfaceOrientationPortrait UIInterfaceOrientationLandscapeLeft UIInterfaceOrientationLandscapeRight";
				LD_RUNPATH_SEARCH_PATHS = (
					"$(inherited)",
					"@executable_path/Frameworks",
				);
				MARKETING_VERSION = 1.0;
				PRODUCT_BUNDLE_IDENTIFIER = AlvaroFerrandez.WeatherApp;
				PRODUCT_NAME = "$(TARGET_NAME)";
				SWIFT_EMIT_LOC_STRINGS = YES;
				SWIFT_VERSION = 5.0;
				TARGETED_DEVICE_FAMILY = "1,2";
			};
			name = Debug;
		};
		55FA9024277B68C2004BB4DA /* Release */ = {
			isa = XCBuildConfiguration;
			buildSettings = {
				ASSETCATALOG_COMPILER_APPICON_NAME = AppIcon;
				ASSETCATALOG_COMPILER_GLOBAL_ACCENT_COLOR_NAME = AccentColor;
				CODE_SIGN_STYLE = Automatic;
				CURRENT_PROJECT_VERSION = 1;
				DEVELOPMENT_ASSET_PATHS = "\"WeatherApp/Preview Content\"";
				DEVELOPMENT_TEAM = VQ5Y8L9458;
				ENABLE_PREVIEWS = YES;
				GENERATE_INFOPLIST_FILE = YES;
				INFOPLIST_KEY_NSLocationWhenInUseUsageDescription = "Necesitamos acceder a tu localización";
				INFOPLIST_KEY_UIApplicationSceneManifest_Generation = YES;
				INFOPLIST_KEY_UIApplicationSupportsIndirectInputEvents = YES;
				INFOPLIST_KEY_UILaunchScreen_Generation = YES;
				INFOPLIST_KEY_UISupportedInterfaceOrientations_iPad = "UIInterfaceOrientationPortrait UIInterfaceOrientationPortraitUpsideDown UIInterfaceOrientationLandscapeLeft UIInterfaceOrientationLandscapeRight";
				INFOPLIST_KEY_UISupportedInterfaceOrientations_iPhone = "UIInterfaceOrientationPortrait UIInterfaceOrientationLandscapeLeft UIInterfaceOrientationLandscapeRight";
				LD_RUNPATH_SEARCH_PATHS = (
					"$(inherited)",
					"@executable_path/Frameworks",
				);
				MARKETING_VERSION = 1.0;
				PRODUCT_BUNDLE_IDENTIFIER = AlvaroFerrandez.WeatherApp;
				PRODUCT_NAME = "$(TARGET_NAME)";
				SWIFT_EMIT_LOC_STRINGS = YES;
				SWIFT_VERSION = 5.0;
				TARGETED_DEVICE_FAMILY = "1,2";
			};
			name = Release;
		};
		55FA9026277B68C2004BB4DA /* Debug */ = {
			isa = XCBuildConfiguration;
			buildSettings = {
				ALWAYS_EMBED_SWIFT_STANDARD_LIBRARIES = YES;
				BUNDLE_LOADER = "$(TEST_HOST)";
				CODE_SIGN_STYLE = Automatic;
				CURRENT_PROJECT_VERSION = 1;
				DEVELOPMENT_TEAM = VQ5Y8L9458;
				GENERATE_INFOPLIST_FILE = YES;
				IPHONEOS_DEPLOYMENT_TARGET = 15.0;
				LD_RUNPATH_SEARCH_PATHS = (
					"$(inherited)",
					"@executable_path/Frameworks",
					"@loader_path/Frameworks",
				);
				MARKETING_VERSION = 1.0;
				PRODUCT_BUNDLE_IDENTIFIER = AlvaroFerrandez.WeatherAppTests;
				PRODUCT_NAME = "$(TARGET_NAME)";
				SWIFT_EMIT_LOC_STRINGS = NO;
				SWIFT_VERSION = 5.0;
				TARGETED_DEVICE_FAMILY = "1,2";
				TEST_HOST = "$(BUILT_PRODUCTS_DIR)/WeatherApp.app/WeatherApp";
			};
			name = Debug;
		};
		55FA9027277B68C2004BB4DA /* Release */ = {
			isa = XCBuildConfiguration;
			buildSettings = {
				ALWAYS_EMBED_SWIFT_STANDARD_LIBRARIES = YES;
				BUNDLE_LOADER = "$(TEST_HOST)";
				CODE_SIGN_STYLE = Automatic;
				CURRENT_PROJECT_VERSION = 1;
				DEVELOPMENT_TEAM = VQ5Y8L9458;
				GENERATE_INFOPLIST_FILE = YES;
				IPHONEOS_DEPLOYMENT_TARGET = 15.0;
				LD_RUNPATH_SEARCH_PATHS = (
					"$(inherited)",
					"@executable_path/Frameworks",
					"@loader_path/Frameworks",
				);
				MARKETING_VERSION = 1.0;
				PRODUCT_BUNDLE_IDENTIFIER = AlvaroFerrandez.WeatherAppTests;
				PRODUCT_NAME = "$(TARGET_NAME)";
				SWIFT_EMIT_LOC_STRINGS = NO;
				SWIFT_VERSION = 5.0;
				TARGETED_DEVICE_FAMILY = "1,2";
				TEST_HOST = "$(BUILT_PRODUCTS_DIR)/WeatherApp.app/WeatherApp";
			};
			name = Release;
		};
		55FA9029277B68C2004BB4DA /* Debug */ = {
			isa = XCBuildConfiguration;
			buildSettings = {
				ALWAYS_EMBED_SWIFT_STANDARD_LIBRARIES = YES;
				CODE_SIGN_STYLE = Automatic;
				CURRENT_PROJECT_VERSION = 1;
				DEVELOPMENT_TEAM = VQ5Y8L9458;
				GENERATE_INFOPLIST_FILE = YES;
				LD_RUNPATH_SEARCH_PATHS = (
					"$(inherited)",
					"@executable_path/Frameworks",
					"@loader_path/Frameworks",
				);
				MARKETING_VERSION = 1.0;
				PRODUCT_BUNDLE_IDENTIFIER = AlvaroFerrandez.WeatherAppUITests;
				PRODUCT_NAME = "$(TARGET_NAME)";
				SWIFT_EMIT_LOC_STRINGS = NO;
				SWIFT_VERSION = 5.0;
				TARGETED_DEVICE_FAMILY = "1,2";
				TEST_TARGET_NAME = WeatherApp;
			};
			name = Debug;
		};
		55FA902A277B68C2004BB4DA /* Release */ = {
			isa = XCBuildConfiguration;
			buildSettings = {
				ALWAYS_EMBED_SWIFT_STANDARD_LIBRARIES = YES;
				CODE_SIGN_STYLE = Automatic;
				CURRENT_PROJECT_VERSION = 1;
				DEVELOPMENT_TEAM = VQ5Y8L9458;
				GENERATE_INFOPLIST_FILE = YES;
				LD_RUNPATH_SEARCH_PATHS = (
					"$(inherited)",
					"@executable_path/Frameworks",
					"@loader_path/Frameworks",
				);
				MARKETING_VERSION = 1.0;
				PRODUCT_BUNDLE_IDENTIFIER = AlvaroFerrandez.WeatherAppUITests;
				PRODUCT_NAME = "$(TARGET_NAME)";
				SWIFT_EMIT_LOC_STRINGS = NO;
				SWIFT_VERSION = 5.0;
				TARGETED_DEVICE_FAMILY = "1,2";
				TEST_TARGET_NAME = WeatherApp;
			};
			name = Release;
		};
/* End XCBuildConfiguration section */

/* Begin XCConfigurationList section */
		55FA8FF9277B68C0004BB4DA /* Build configuration list for PBXProject "WeatherApp" */ = {
			isa = XCConfigurationList;
			buildConfigurations = (
				55FA9020277B68C2004BB4DA /* Debug */,
				55FA9021277B68C2004BB4DA /* Release */,
			);
			defaultConfigurationIsVisible = 0;
			defaultConfigurationName = Release;
		};
		55FA9022277B68C2004BB4DA /* Build configuration list for PBXNativeTarget "WeatherApp" */ = {
			isa = XCConfigurationList;
			buildConfigurations = (
				55FA9023277B68C2004BB4DA /* Debug */,
				55FA9024277B68C2004BB4DA /* Release */,
			);
			defaultConfigurationIsVisible = 0;
			defaultConfigurationName = Release;
		};
		55FA9025277B68C2004BB4DA /* Build configuration list for PBXNativeTarget "WeatherAppTests" */ = {
			isa = XCConfigurationList;
			buildConfigurations = (
				55FA9026277B68C2004BB4DA /* Debug */,
				55FA9027277B68C2004BB4DA /* Release */,
			);
			defaultConfigurationIsVisible = 0;
			defaultConfigurationName = Release;
		};
		55FA9028277B68C2004BB4DA /* Build configuration list for PBXNativeTarget "WeatherAppUITests" */ = {
			isa = XCConfigurationList;
			buildConfigurations = (
				55FA9029277B68C2004BB4DA /* Debug */,
				55FA902A277B68C2004BB4DA /* Release */,
			);
			defaultConfigurationIsVisible = 0;
			defaultConfigurationName = Release;
		};
/* End XCConfigurationList section */
	};
	rootObject = 55FA8FF6277B68C0004BB4DA /* Project object */;
}
